// !$*UTF8*$!
{
	archiveVersion = 1;
	classes = {
	};
	objectVersion = 56;
	objects = {

/* Begin PBXBuildFile section */
		AEE58F5A29ACE39200533109 /* AppDelegate.swift in Sources */ = {isa = PBXBuildFile; fileRef = AEE58F5929ACE39200533109 /* AppDelegate.swift */; };
		AEE58F5C29ACE39200533109 /* SceneDelegate.swift in Sources */ = {isa = PBXBuildFile; fileRef = AEE58F5B29ACE39200533109 /* SceneDelegate.swift */; };
		AEE58F6329ACE39400533109 /* Assets.xcassets in Resources */ = {isa = PBXBuildFile; fileRef = AEE58F6229ACE39400533109 /* Assets.xcassets */; };
		AEE58F6629ACE39400533109 /* LaunchScreen.storyboard in Resources */ = {isa = PBXBuildFile; fileRef = AEE58F6429ACE39400533109 /* LaunchScreen.storyboard */; };
		AEE58F7129ACE39400533109 /* Surf_InternshipTests.swift in Sources */ = {isa = PBXBuildFile; fileRef = AEE58F7029ACE39400533109 /* Surf_InternshipTests.swift */; };
		AEE58F7B29ACE39400533109 /* Surf_InternshipUITests.swift in Sources */ = {isa = PBXBuildFile; fileRef = AEE58F7A29ACE39400533109 /* Surf_InternshipUITests.swift */; };
		AEE58F7D29ACE39400533109 /* Surf_InternshipUITestsLaunchTests.swift in Sources */ = {isa = PBXBuildFile; fileRef = AEE58F7C29ACE39400533109 /* Surf_InternshipUITestsLaunchTests.swift */; };
		AEE58F8D29ACE44C00533109 /* MainController.swift in Sources */ = {isa = PBXBuildFile; fileRef = AEE58F8C29ACE44C00533109 /* MainController.swift */; };
		AEE58F8F29ACE4BA00533109 /* Resources.swift in Sources */ = {isa = PBXBuildFile; fileRef = AEE58F8E29ACE4BA00533109 /* Resources.swift */; };
		AEE58F9229ACE55B00533109 /* SnapKit in Frameworks */ = {isa = PBXBuildFile; productRef = AEE58F9129ACE55B00533109 /* SnapKit */; };
		AEE58F9529AD3C4400533109 /* Color + Ext.swift in Sources */ = {isa = PBXBuildFile; fileRef = AEE58F9429AD3C4400533109 /* Color + Ext.swift */; };
		AEE58F9729AE67B600533109 /* Button + Ext.swift in Sources */ = {isa = PBXBuildFile; fileRef = AEE58F9629AE67B600533109 /* Button + Ext.swift */; };
/* End PBXBuildFile section */

/* Begin PBXContainerItemProxy section */
		AEE58F6D29ACE39400533109 /* PBXContainerItemProxy */ = {
			isa = PBXContainerItemProxy;
			containerPortal = AEE58F4E29ACE39200533109 /* Project object */;
			proxyType = 1;
			remoteGlobalIDString = AEE58F5529ACE39200533109;
			remoteInfo = "Surf-Internship";
		};
		AEE58F7729ACE39400533109 /* PBXContainerItemProxy */ = {
			isa = PBXContainerItemProxy;
			containerPortal = AEE58F4E29ACE39200533109 /* Project object */;
			proxyType = 1;
			remoteGlobalIDString = AEE58F5529ACE39200533109;
			remoteInfo = "Surf-Internship";
		};
/* End PBXContainerItemProxy section */

/* Begin PBXFileReference section */
		AEE58F5629ACE39200533109 /* Surf-Internship.app */ = {isa = PBXFileReference; explicitFileType = wrapper.application; includeInIndex = 0; path = "Surf-Internship.app"; sourceTree = BUILT_PRODUCTS_DIR; };
		AEE58F5929ACE39200533109 /* AppDelegate.swift */ = {isa = PBXFileReference; lastKnownFileType = sourcecode.swift; path = AppDelegate.swift; sourceTree = "<group>"; };
		AEE58F5B29ACE39200533109 /* SceneDelegate.swift */ = {isa = PBXFileReference; lastKnownFileType = sourcecode.swift; path = SceneDelegate.swift; sourceTree = "<group>"; };
		AEE58F6229ACE39400533109 /* Assets.xcassets */ = {isa = PBXFileReference; lastKnownFileType = folder.assetcatalog; path = Assets.xcassets; sourceTree = "<group>"; };
		AEE58F6529ACE39400533109 /* Base */ = {isa = PBXFileReference; lastKnownFileType = file.storyboard; name = Base; path = Base.lproj/LaunchScreen.storyboard; sourceTree = "<group>"; };
		AEE58F6729ACE39400533109 /* Info.plist */ = {isa = PBXFileReference; lastKnownFileType = text.plist.xml; path = Info.plist; sourceTree = "<group>"; };
		AEE58F6C29ACE39400533109 /* Surf-InternshipTests.xctest */ = {isa = PBXFileReference; explicitFileType = wrapper.cfbundle; includeInIndex = 0; path = "Surf-InternshipTests.xctest"; sourceTree = BUILT_PRODUCTS_DIR; };
		AEE58F7029ACE39400533109 /* Surf_InternshipTests.swift */ = {isa = PBXFileReference; lastKnownFileType = sourcecode.swift; path = Surf_InternshipTests.swift; sourceTree = "<group>"; };
		AEE58F7629ACE39400533109 /* Surf-InternshipUITests.xctest */ = {isa = PBXFileReference; explicitFileType = wrapper.cfbundle; includeInIndex = 0; path = "Surf-InternshipUITests.xctest"; sourceTree = BUILT_PRODUCTS_DIR; };
		AEE58F7A29ACE39400533109 /* Surf_InternshipUITests.swift */ = {isa = PBXFileReference; lastKnownFileType = sourcecode.swift; path = Surf_InternshipUITests.swift; sourceTree = "<group>"; };
		AEE58F7C29ACE39400533109 /* Surf_InternshipUITestsLaunchTests.swift */ = {isa = PBXFileReference; lastKnownFileType = sourcecode.swift; path = Surf_InternshipUITestsLaunchTests.swift; sourceTree = "<group>"; };
		AEE58F8C29ACE44C00533109 /* MainController.swift */ = {isa = PBXFileReference; lastKnownFileType = sourcecode.swift; path = MainController.swift; sourceTree = "<group>"; };
		AEE58F8E29ACE4BA00533109 /* Resources.swift */ = {isa = PBXFileReference; lastKnownFileType = sourcecode.swift; path = Resources.swift; sourceTree = "<group>"; };
		AEE58F9429AD3C4400533109 /* Color + Ext.swift */ = {isa = PBXFileReference; lastKnownFileType = sourcecode.swift; path = "Color + Ext.swift"; sourceTree = "<group>"; };
		AEE58F9629AE67B600533109 /* Button + Ext.swift */ = {isa = PBXFileReference; lastKnownFileType = sourcecode.swift; path = "Button + Ext.swift"; sourceTree = "<group>"; };
/* End PBXFileReference section */

/* Begin PBXFrameworksBuildPhase section */
		AEE58F5329ACE39200533109 /* Frameworks */ = {
			isa = PBXFrameworksBuildPhase;
			buildActionMask = 2147483647;
			files = (
				AEE58F9229ACE55B00533109 /* SnapKit in Frameworks */,
			);
			runOnlyForDeploymentPostprocessing = 0;
		};
		AEE58F6929ACE39400533109 /* Frameworks */ = {
			isa = PBXFrameworksBuildPhase;
			buildActionMask = 2147483647;
			files = (
			);
			runOnlyForDeploymentPostprocessing = 0;
		};
		AEE58F7329ACE39400533109 /* Frameworks */ = {
			isa = PBXFrameworksBuildPhase;
			buildActionMask = 2147483647;
			files = (
			);
			runOnlyForDeploymentPostprocessing = 0;
		};
/* End PBXFrameworksBuildPhase section */

/* Begin PBXGroup section */
		AEE58F4D29ACE39200533109 = {
			isa = PBXGroup;
			children = (
				AEE58F5829ACE39200533109 /* Surf-Internship */,
				AEE58F6F29ACE39400533109 /* Surf-InternshipTests */,
				AEE58F7929ACE39400533109 /* Surf-InternshipUITests */,
				AEE58F5729ACE39200533109 /* Products */,
			);
			sourceTree = "<group>";
		};
		AEE58F5729ACE39200533109 /* Products */ = {
			isa = PBXGroup;
			children = (
				AEE58F5629ACE39200533109 /* Surf-Internship.app */,
				AEE58F6C29ACE39400533109 /* Surf-InternshipTests.xctest */,
				AEE58F7629ACE39400533109 /* Surf-InternshipUITests.xctest */,
			);
			name = Products;
			sourceTree = "<group>";
		};
		AEE58F5829ACE39200533109 /* Surf-Internship */ = {
			isa = PBXGroup;
			children = (
				AEE58F8A29ACE41100533109 /* Application */,
				AEE58F8929ACE3BD00533109 /* SupportingFiles */,
				AEE58F8B29ACE42100533109 /* Controllers */,
			);
			path = "Surf-Internship";
			sourceTree = "<group>";
		};
		AEE58F6F29ACE39400533109 /* Surf-InternshipTests */ = {
			isa = PBXGroup;
			children = (
				AEE58F7029ACE39400533109 /* Surf_InternshipTests.swift */,
			);
			path = "Surf-InternshipTests";
			sourceTree = "<group>";
		};
		AEE58F7929ACE39400533109 /* Surf-InternshipUITests */ = {
			isa = PBXGroup;
			children = (
				AEE58F7A29ACE39400533109 /* Surf_InternshipUITests.swift */,
				AEE58F7C29ACE39400533109 /* Surf_InternshipUITestsLaunchTests.swift */,
			);
			path = "Surf-InternshipUITests";
			sourceTree = "<group>";
		};
		AEE58F8929ACE3BD00533109 /* SupportingFiles */ = {
			isa = PBXGroup;
			children = (
				AEE58F9329AD3C3600533109 /* Extension */,
				AEE58F6229ACE39400533109 /* Assets.xcassets */,
				AEE58F6429ACE39400533109 /* LaunchScreen.storyboard */,
				AEE58F6729ACE39400533109 /* Info.plist */,
				AEE58F8E29ACE4BA00533109 /* Resources.swift */,
			);
			path = SupportingFiles;
			sourceTree = "<group>";
		};
		AEE58F8A29ACE41100533109 /* Application */ = {
			isa = PBXGroup;
			children = (
				AEE58F5929ACE39200533109 /* AppDelegate.swift */,
				AEE58F5B29ACE39200533109 /* SceneDelegate.swift */,
			);
			path = Application;
			sourceTree = "<group>";
		};
		AEE58F8B29ACE42100533109 /* Controllers */ = {
			isa = PBXGroup;
			children = (
				AEE58F8C29ACE44C00533109 /* MainController.swift */,
			);
			path = Controllers;
			sourceTree = "<group>";
		};
		AEE58F9329AD3C3600533109 /* Extension */ = {
			isa = PBXGroup;
			children = (
				AEE58F9429AD3C4400533109 /* Color + Ext.swift */,
				AEE58F9629AE67B600533109 /* Button + Ext.swift */,
			);
			path = Extension;
			sourceTree = "<group>";
		};
/* End PBXGroup section */

/* Begin PBXNativeTarget section */
		AEE58F5529ACE39200533109 /* Surf-Internship */ = {
			isa = PBXNativeTarget;
			buildConfigurationList = AEE58F8029ACE39400533109 /* Build configuration list for PBXNativeTarget "Surf-Internship" */;
			buildPhases = (
				AEE58F5229ACE39200533109 /* Sources */,
				AEE58F5329ACE39200533109 /* Frameworks */,
				AEE58F5429ACE39200533109 /* Resources */,
			);
			buildRules = (
			);
			dependencies = (
			);
			name = "Surf-Internship";
			packageProductDependencies = (
				AEE58F9129ACE55B00533109 /* SnapKit */,
			);
			productName = "Surf-Internship";
			productReference = AEE58F5629ACE39200533109 /* Surf-Internship.app */;
			productType = "com.apple.product-type.application";
		};
		AEE58F6B29ACE39400533109 /* Surf-InternshipTests */ = {
			isa = PBXNativeTarget;
			buildConfigurationList = AEE58F8329ACE39400533109 /* Build configuration list for PBXNativeTarget "Surf-InternshipTests" */;
			buildPhases = (
				AEE58F6829ACE39400533109 /* Sources */,
				AEE58F6929ACE39400533109 /* Frameworks */,
				AEE58F6A29ACE39400533109 /* Resources */,
			);
			buildRules = (
			);
			dependencies = (
				AEE58F6E29ACE39400533109 /* PBXTargetDependency */,
			);
			name = "Surf-InternshipTests";
			productName = "Surf-InternshipTests";
			productReference = AEE58F6C29ACE39400533109 /* Surf-InternshipTests.xctest */;
			productType = "com.apple.product-type.bundle.unit-test";
		};
		AEE58F7529ACE39400533109 /* Surf-InternshipUITests */ = {
			isa = PBXNativeTarget;
			buildConfigurationList = AEE58F8629ACE39400533109 /* Build configuration list for PBXNativeTarget "Surf-InternshipUITests" */;
			buildPhases = (
				AEE58F7229ACE39400533109 /* Sources */,
				AEE58F7329ACE39400533109 /* Frameworks */,
				AEE58F7429ACE39400533109 /* Resources */,
			);
			buildRules = (
			);
			dependencies = (
				AEE58F7829ACE39400533109 /* PBXTargetDependency */,
			);
			name = "Surf-InternshipUITests";
			productName = "Surf-InternshipUITests";
			productReference = AEE58F7629ACE39400533109 /* Surf-InternshipUITests.xctest */;
			productType = "com.apple.product-type.bundle.ui-testing";
		};
/* End PBXNativeTarget section */

/* Begin PBXProject section */
		AEE58F4E29ACE39200533109 /* Project object */ = {
			isa = PBXProject;
			attributes = {
				BuildIndependentTargetsInParallel = 1;
				LastSwiftUpdateCheck = 1420;
				LastUpgradeCheck = 1420;
				TargetAttributes = {
					AEE58F5529ACE39200533109 = {
						CreatedOnToolsVersion = 14.2;
					};
					AEE58F6B29ACE39400533109 = {
						CreatedOnToolsVersion = 14.2;
						TestTargetID = AEE58F5529ACE39200533109;
					};
					AEE58F7529ACE39400533109 = {
						CreatedOnToolsVersion = 14.2;
						TestTargetID = AEE58F5529ACE39200533109;
					};
				};
			};
			buildConfigurationList = AEE58F5129ACE39200533109 /* Build configuration list for PBXProject "Surf-Internship" */;
			compatibilityVersion = "Xcode 14.0";
			developmentRegion = en;
			hasScannedForEncodings = 0;
			knownRegions = (
				en,
				Base,
			);
			mainGroup = AEE58F4D29ACE39200533109;
			packageReferences = (
				AEE58F9029ACE55B00533109 /* XCRemoteSwiftPackageReference "SnapKit" */,
			);
			productRefGroup = AEE58F5729ACE39200533109 /* Products */;
			projectDirPath = "";
			projectRoot = "";
			targets = (
				AEE58F5529ACE39200533109 /* Surf-Internship */,
				AEE58F6B29ACE39400533109 /* Surf-InternshipTests */,
				AEE58F7529ACE39400533109 /* Surf-InternshipUITests */,
			);
		};
/* End PBXProject section */

/* Begin PBXResourcesBuildPhase section */
		AEE58F5429ACE39200533109 /* Resources */ = {
			isa = PBXResourcesBuildPhase;
			buildActionMask = 2147483647;
			files = (
				AEE58F6629ACE39400533109 /* LaunchScreen.storyboard in Resources */,
				AEE58F6329ACE39400533109 /* Assets.xcassets in Resources */,
			);
			runOnlyForDeploymentPostprocessing = 0;
		};
		AEE58F6A29ACE39400533109 /* Resources */ = {
			isa = PBXResourcesBuildPhase;
			buildActionMask = 2147483647;
			files = (
			);
			runOnlyForDeploymentPostprocessing = 0;
		};
		AEE58F7429ACE39400533109 /* Resources */ = {
			isa = PBXResourcesBuildPhase;
			buildActionMask = 2147483647;
			files = (
			);
			runOnlyForDeploymentPostprocessing = 0;
		};
/* End PBXResourcesBuildPhase section */

/* Begin PBXSourcesBuildPhase section */
		AEE58F5229ACE39200533109 /* Sources */ = {
			isa = PBXSourcesBuildPhase;
			buildActionMask = 2147483647;
			files = (
				AEE58F5A29ACE39200533109 /* AppDelegate.swift in Sources */,
				AEE58F8F29ACE4BA00533109 /* Resources.swift in Sources */,
				AEE58F9529AD3C4400533109 /* Color + Ext.swift in Sources */,
				AEE58F8D29ACE44C00533109 /* MainController.swift in Sources */,
				AEE58F5C29ACE39200533109 /* SceneDelegate.swift in Sources */,
				AEE58F9729AE67B600533109 /* Button + Ext.swift in Sources */,
			);
			runOnlyForDeploymentPostprocessing = 0;
		};
		AEE58F6829ACE39400533109 /* Sources */ = {
			isa = PBXSourcesBuildPhase;
			buildActionMask = 2147483647;
			files = (
				AEE58F7129ACE39400533109 /* Surf_InternshipTests.swift in Sources */,
			);
			runOnlyForDeploymentPostprocessing = 0;
		};
		AEE58F7229ACE39400533109 /* Sources */ = {
			isa = PBXSourcesBuildPhase;
			buildActionMask = 2147483647;
			files = (
				AEE58F7D29ACE39400533109 /* Surf_InternshipUITestsLaunchTests.swift in Sources */,
				AEE58F7B29ACE39400533109 /* Surf_InternshipUITests.swift in Sources */,
			);
			runOnlyForDeploymentPostprocessing = 0;
		};
/* End PBXSourcesBuildPhase section */

/* Begin PBXTargetDependency section */
		AEE58F6E29ACE39400533109 /* PBXTargetDependency */ = {
			isa = PBXTargetDependency;
			target = AEE58F5529ACE39200533109 /* Surf-Internship */;
			targetProxy = AEE58F6D29ACE39400533109 /* PBXContainerItemProxy */;
		};
		AEE58F7829ACE39400533109 /* PBXTargetDependency */ = {
			isa = PBXTargetDependency;
			target = AEE58F5529ACE39200533109 /* Surf-Internship */;
			targetProxy = AEE58F7729ACE39400533109 /* PBXContainerItemProxy */;
		};
/* End PBXTargetDependency section */

/* Begin PBXVariantGroup section */
		AEE58F6429ACE39400533109 /* LaunchScreen.storyboard */ = {
			isa = PBXVariantGroup;
			children = (
				AEE58F6529ACE39400533109 /* Base */,
			);
			name = LaunchScreen.storyboard;
			sourceTree = "<group>";
		};
/* End PBXVariantGroup section */

/* Begin XCBuildConfiguration section */
		AEE58F7E29ACE39400533109 /* Debug */ = {
			isa = XCBuildConfiguration;
			buildSettings = {
				ALWAYS_SEARCH_USER_PATHS = NO;
				CLANG_ANALYZER_NONNULL = YES;
				CLANG_ANALYZER_NUMBER_OBJECT_CONVERSION = YES_AGGRESSIVE;
				CLANG_CXX_LANGUAGE_STANDARD = "gnu++20";
				CLANG_ENABLE_MODULES = YES;
				CLANG_ENABLE_OBJC_ARC = YES;
				CLANG_ENABLE_OBJC_WEAK = YES;
				CLANG_WARN_BLOCK_CAPTURE_AUTORELEASING = YES;
				CLANG_WARN_BOOL_CONVERSION = YES;
				CLANG_WARN_COMMA = YES;
				CLANG_WARN_CONSTANT_CONVERSION = YES;
				CLANG_WARN_DEPRECATED_OBJC_IMPLEMENTATIONS = YES;
				CLANG_WARN_DIRECT_OBJC_ISA_USAGE = YES_ERROR;
				CLANG_WARN_DOCUMENTATION_COMMENTS = YES;
				CLANG_WARN_EMPTY_BODY = YES;
				CLANG_WARN_ENUM_CONVERSION = YES;
				CLANG_WARN_INFINITE_RECURSION = YES;
				CLANG_WARN_INT_CONVERSION = YES;
				CLANG_WARN_NON_LITERAL_NULL_CONVERSION = YES;
				CLANG_WARN_OBJC_IMPLICIT_RETAIN_SELF = YES;
				CLANG_WARN_OBJC_LITERAL_CONVERSION = YES;
				CLANG_WARN_OBJC_ROOT_CLASS = YES_ERROR;
				CLANG_WARN_QUOTED_INCLUDE_IN_FRAMEWORK_HEADER = YES;
				CLANG_WARN_RANGE_LOOP_ANALYSIS = YES;
				CLANG_WARN_STRICT_PROTOTYPES = YES;
				CLANG_WARN_SUSPICIOUS_MOVE = YES;
				CLANG_WARN_UNGUARDED_AVAILABILITY = YES_AGGRESSIVE;
				CLANG_WARN_UNREACHABLE_CODE = YES;
				CLANG_WARN__DUPLICATE_METHOD_MATCH = YES;
				COPY_PHASE_STRIP = NO;
				DEBUG_INFORMATION_FORMAT = dwarf;
				ENABLE_STRICT_OBJC_MSGSEND = YES;
				ENABLE_TESTABILITY = YES;
				GCC_C_LANGUAGE_STANDARD = gnu11;
				GCC_DYNAMIC_NO_PIC = NO;
				GCC_NO_COMMON_BLOCKS = YES;
				GCC_OPTIMIZATION_LEVEL = 0;
				GCC_PREPROCESSOR_DEFINITIONS = (
					"DEBUG=1",
					"$(inherited)",
				);
				GCC_WARN_64_TO_32_BIT_CONVERSION = YES;
				GCC_WARN_ABOUT_RETURN_TYPE = YES_ERROR;
				GCC_WARN_UNDECLARED_SELECTOR = YES;
				GCC_WARN_UNINITIALIZED_AUTOS = YES_AGGRESSIVE;
				GCC_WARN_UNUSED_FUNCTION = YES;
				GCC_WARN_UNUSED_VARIABLE = YES;
				IPHONEOS_DEPLOYMENT_TARGET = 16.2;
				MTL_ENABLE_DEBUG_INFO = INCLUDE_SOURCE;
				MTL_FAST_MATH = YES;
				ONLY_ACTIVE_ARCH = YES;
				SDKROOT = iphoneos;
				SWIFT_ACTIVE_COMPILATION_CONDITIONS = DEBUG;
				SWIFT_OPTIMIZATION_LEVEL = "-Onone";
			};
			name = Debug;
		};
		AEE58F7F29ACE39400533109 /* Release */ = {
			isa = XCBuildConfiguration;
			buildSettings = {
				ALWAYS_SEARCH_USER_PATHS = NO;
				CLANG_ANALYZER_NONNULL = YES;
				CLANG_ANALYZER_NUMBER_OBJECT_CONVERSION = YES_AGGRESSIVE;
				CLANG_CXX_LANGUAGE_STANDARD = "gnu++20";
				CLANG_ENABLE_MODULES = YES;
				CLANG_ENABLE_OBJC_ARC = YES;
				CLANG_ENABLE_OBJC_WEAK = YES;
				CLANG_WARN_BLOCK_CAPTURE_AUTORELEASING = YES;
				CLANG_WARN_BOOL_CONVERSION = YES;
				CLANG_WARN_COMMA = YES;
				CLANG_WARN_CONSTANT_CONVERSION = YES;
				CLANG_WARN_DEPRECATED_OBJC_IMPLEMENTATIONS = YES;
				CLANG_WARN_DIRECT_OBJC_ISA_USAGE = YES_ERROR;
				CLANG_WARN_DOCUMENTATION_COMMENTS = YES;
				CLANG_WARN_EMPTY_BODY = YES;
				CLANG_WARN_ENUM_CONVERSION = YES;
				CLANG_WARN_INFINITE_RECURSION = YES;
				CLANG_WARN_INT_CONVERSION = YES;
				CLANG_WARN_NON_LITERAL_NULL_CONVERSION = YES;
				CLANG_WARN_OBJC_IMPLICIT_RETAIN_SELF = YES;
				CLANG_WARN_OBJC_LITERAL_CONVERSION = YES;
				CLANG_WARN_OBJC_ROOT_CLASS = YES_ERROR;
				CLANG_WARN_QUOTED_INCLUDE_IN_FRAMEWORK_HEADER = YES;
				CLANG_WARN_RANGE_LOOP_ANALYSIS = YES;
				CLANG_WARN_STRICT_PROTOTYPES = YES;
				CLANG_WARN_SUSPICIOUS_MOVE = YES;
				CLANG_WARN_UNGUARDED_AVAILABILITY = YES_AGGRESSIVE;
				CLANG_WARN_UNREACHABLE_CODE = YES;
				CLANG_WARN__DUPLICATE_METHOD_MATCH = YES;
				COPY_PHASE_STRIP = NO;
				DEBUG_INFORMATION_FORMAT = "dwarf-with-dsym";
				ENABLE_NS_ASSERTIONS = NO;
				ENABLE_STRICT_OBJC_MSGSEND = YES;
				GCC_C_LANGUAGE_STANDARD = gnu11;
				GCC_NO_COMMON_BLOCKS = YES;
				GCC_WARN_64_TO_32_BIT_CONVERSION = YES;
				GCC_WARN_ABOUT_RETURN_TYPE = YES_ERROR;
				GCC_WARN_UNDECLARED_SELECTOR = YES;
				GCC_WARN_UNINITIALIZED_AUTOS = YES_AGGRESSIVE;
				GCC_WARN_UNUSED_FUNCTION = YES;
				GCC_WARN_UNUSED_VARIABLE = YES;
				IPHONEOS_DEPLOYMENT_TARGET = 16.2;
				MTL_ENABLE_DEBUG_INFO = NO;
				MTL_FAST_MATH = YES;
				SDKROOT = iphoneos;
				SWIFT_COMPILATION_MODE = wholemodule;
				SWIFT_OPTIMIZATION_LEVEL = "-O";
				VALIDATE_PRODUCT = YES;
			};
			name = Release;
		};
		AEE58F8129ACE39400533109 /* Debug */ = {
			isa = XCBuildConfiguration;
			buildSettings = {
				ASSETCATALOG_COMPILER_APPICON_NAME = AppIcon;
				ASSETCATALOG_COMPILER_GLOBAL_ACCENT_COLOR_NAME = AccentColor;
				CODE_SIGN_STYLE = Automatic;
				CURRENT_PROJECT_VERSION = 1;
				DEVELOPMENT_TEAM = T7653YUNND;
				GENERATE_INFOPLIST_FILE = YES;
				INFOPLIST_FILE = "Surf-Internship/SupportingFiles/Info.plist";
				INFOPLIST_KEY_UIApplicationSupportsIndirectInputEvents = YES;
				INFOPLIST_KEY_UILaunchStoryboardName = LaunchScreen;
				INFOPLIST_KEY_UISupportedInterfaceOrientations = UIInterfaceOrientationPortrait;
				INFOPLIST_KEY_UISupportedInterfaceOrientations_iPad = "UIInterfaceOrientationLandscapeLeft UIInterfaceOrientationLandscapeRight UIInterfaceOrientationPortrait UIInterfaceOrientationPortraitUpsideDown";
				IPHONEOS_DEPLOYMENT_TARGET = 15.0;
				LD_RUNPATH_SEARCH_PATHS = (
					"$(inherited)",
					"@executable_path/Frameworks",
				);
				MARKETING_VERSION = 1.0;
				PRODUCT_BUNDLE_IDENTIFIER = "ttt.Surf-Internship";
				PRODUCT_NAME = "$(TARGET_NAME)";
				SUPPORTED_PLATFORMS = "iphoneos iphonesimulator";
				SUPPORTS_MACCATALYST = NO;
				SUPPORTS_MAC_DESIGNED_FOR_IPHONE_IPAD = NO;
				SWIFT_EMIT_LOC_STRINGS = YES;
				SWIFT_VERSION = 5.0;
				TARGETED_DEVICE_FAMILY = 1;
			};
			name = Debug;
		};
		AEE58F8229ACE39400533109 /* Release */ = {
			isa = XCBuildConfiguration;
			buildSettings = {
				ASSETCATALOG_COMPILER_APPICON_NAME = AppIcon;
				ASSETCATALOG_COMPILER_GLOBAL_ACCENT_COLOR_NAME = AccentColor;
				CODE_SIGN_STYLE = Automatic;
				CURRENT_PROJECT_VERSION = 1;
				DEVELOPMENT_TEAM = T7653YUNND;
				GENERATE_INFOPLIST_FILE = YES;
				INFOPLIST_FILE = "Surf-Internship/SupportingFiles/Info.plist";
				INFOPLIST_KEY_UIApplicationSupportsIndirectInputEvents = YES;
				INFOPLIST_KEY_UILaunchStoryboardName = LaunchScreen;
				INFOPLIST_KEY_UISupportedInterfaceOrientations = UIInterfaceOrientationPortrait;
				INFOPLIST_KEY_UISupportedInterfaceOrientations_iPad = "UIInterfaceOrientationLandscapeLeft UIInterfaceOrientationLandscapeRight UIInterfaceOrientationPortrait UIInterfaceOrientationPortraitUpsideDown";
				IPHONEOS_DEPLOYMENT_TARGET = 15.0;
				LD_RUNPATH_SEARCH_PATHS = (
					"$(inherited)",
					"@executable_path/Frameworks",
				);
				MARKETING_VERSION = 1.0;
				PRODUCT_BUNDLE_IDENTIFIER = "ttt.Surf-Internship";
				PRODUCT_NAME = "$(TARGET_NAME)";
				SUPPORTED_PLATFORMS = "iphoneos iphonesimulator";
				SUPPORTS_MACCATALYST = NO;
				SUPPORTS_MAC_DESIGNED_FOR_IPHONE_IPAD = NO;
				SWIFT_EMIT_LOC_STRINGS = YES;
				SWIFT_VERSION = 5.0;
				TARGETED_DEVICE_FAMILY = 1;
			};
			name = Release;
		};
		AEE58F8429ACE39400533109 /* Debug */ = {
			isa = XCBuildConfiguration;
			buildSettings = {
				ALWAYS_EMBED_SWIFT_STANDARD_LIBRARIES = YES;
				BUNDLE_LOADER = "$(TEST_HOST)";
				CODE_SIGN_STYLE = Automatic;
				CURRENT_PROJECT_VERSION = 1;
				DEVELOPMENT_TEAM = T7653YUNND;
				GENERATE_INFOPLIST_FILE = YES;
				IPHONEOS_DEPLOYMENT_TARGET = 16.2;
				MARKETING_VERSION = 1.0;
				PRODUCT_BUNDLE_IDENTIFIER = "ttt.Surf-InternshipTests";
				PRODUCT_NAME = "$(TARGET_NAME)";
				SWIFT_EMIT_LOC_STRINGS = NO;
				SWIFT_VERSION = 5.0;
				TARGETED_DEVICE_FAMILY = "1,2";
				TEST_HOST = "$(BUILT_PRODUCTS_DIR)/Surf-Internship.app/$(BUNDLE_EXECUTABLE_FOLDER_PATH)/Surf-Internship";
			};
			name = Debug;
		};
		AEE58F8529ACE39400533109 /* Release */ = {
			isa = XCBuildConfiguration;
			buildSettings = {
				ALWAYS_EMBED_SWIFT_STANDARD_LIBRARIES = YES;
				BUNDLE_LOADER = "$(TEST_HOST)";
				CODE_SIGN_STYLE = Automatic;
				CURRENT_PROJECT_VERSION = 1;
				DEVELOPMENT_TEAM = T7653YUNND;
				GENERATE_INFOPLIST_FILE = YES;
				IPHONEOS_DEPLOYMENT_TARGET = 16.2;
				MARKETING_VERSION = 1.0;
				PRODUCT_BUNDLE_IDENTIFIER = "ttt.Surf-InternshipTests";
				PRODUCT_NAME = "$(TARGET_NAME)";
				SWIFT_EMIT_LOC_STRINGS = NO;
				SWIFT_VERSION = 5.0;
				TARGETED_DEVICE_FAMILY = "1,2";
				TEST_HOST = "$(BUILT_PRODUCTS_DIR)/Surf-Internship.app/$(BUNDLE_EXECUTABLE_FOLDER_PATH)/Surf-Internship";
			};
			name = Release;
		};
		AEE58F8729ACE39400533109 /* Debug */ = {
			isa = XCBuildConfiguration;
			buildSettings = {
				ALWAYS_EMBED_SWIFT_STANDARD_LIBRARIES = YES;
				CODE_SIGN_STYLE = Automatic;
				CURRENT_PROJECT_VERSION = 1;
				DEVELOPMENT_TEAM = T7653YUNND;
				GENERATE_INFOPLIST_FILE = YES;
				MARKETING_VERSION = 1.0;
				PRODUCT_BUNDLE_IDENTIFIER = "ttt.Surf-InternshipUITests";
				PRODUCT_NAME = "$(TARGET_NAME)";
				SWIFT_EMIT_LOC_STRINGS = NO;
				SWIFT_VERSION = 5.0;
				TARGETED_DEVICE_FAMILY = "1,2";
				TEST_TARGET_NAME = "Surf-Internship";
			};
			name = Debug;
		};
		AEE58F8829ACE39400533109 /* Release */ = {
			isa = XCBuildConfiguration;
			buildSettings = {
				ALWAYS_EMBED_SWIFT_STANDARD_LIBRARIES = YES;
				CODE_SIGN_STYLE = Automatic;
				CURRENT_PROJECT_VERSION = 1;
				DEVELOPMENT_TEAM = T7653YUNND;
				GENERATE_INFOPLIST_FILE = YES;
				MARKETING_VERSION = 1.0;
				PRODUCT_BUNDLE_IDENTIFIER = "ttt.Surf-InternshipUITests";
				PRODUCT_NAME = "$(TARGET_NAME)";
				SWIFT_EMIT_LOC_STRINGS = NO;
				SWIFT_VERSION = 5.0;
				TARGETED_DEVICE_FAMILY = "1,2";
				TEST_TARGET_NAME = "Surf-Internship";
			};
			name = Release;
		};
/* End XCBuildConfiguration section */

/* Begin XCConfigurationList section */
		AEE58F5129ACE39200533109 /* Build configuration list for PBXProject "Surf-Internship" */ = {
			isa = XCConfigurationList;
			buildConfigurations = (
				AEE58F7E29ACE39400533109 /* Debug */,
				AEE58F7F29ACE39400533109 /* Release */,
			);
			defaultConfigurationIsVisible = 0;
			defaultConfigurationName = Release;
		};
		AEE58F8029ACE39400533109 /* Build configuration list for PBXNativeTarget "Surf-Internship" */ = {
			isa = XCConfigurationList;
			buildConfigurations = (
				AEE58F8129ACE39400533109 /* Debug */,
				AEE58F8229ACE39400533109 /* Release */,
			);
			defaultConfigurationIsVisible = 0;
			defaultConfigurationName = Release;
		};
		AEE58F8329ACE39400533109 /* Build configuration list for PBXNativeTarget "Surf-InternshipTests" */ = {
			isa = XCConfigurationList;
			buildConfigurations = (
				AEE58F8429ACE39400533109 /* Debug */,
				AEE58F8529ACE39400533109 /* Release */,
			);
			defaultConfigurationIsVisible = 0;
			defaultConfigurationName = Release;
		};
		AEE58F8629ACE39400533109 /* Build configuration list for PBXNativeTarget "Surf-InternshipUITests" */ = {
			isa = XCConfigurationList;
			buildConfigurations = (
				AEE58F8729ACE39400533109 /* Debug */,
				AEE58F8829ACE39400533109 /* Release */,
			);
			defaultConfigurationIsVisible = 0;
			defaultConfigurationName = Release;
		};
/* End XCConfigurationList section */

/* Begin XCRemoteSwiftPackageReference section */
		AEE58F9029ACE55B00533109 /* XCRemoteSwiftPackageReference "SnapKit" */ = {
			isa = XCRemoteSwiftPackageReference;
			repositoryURL = "https://github.com/SnapKit/SnapKit";
			requirement = {
				kind = upToNextMajorVersion;
				minimumVersion = 5.0.0;
			};
		};
/* End XCRemoteSwiftPackageReference section */

/* Begin XCSwiftPackageProductDependency section */
		AEE58F9129ACE55B00533109 /* SnapKit */ = {
			isa = XCSwiftPackageProductDependency;
			package = AEE58F9029ACE55B00533109 /* XCRemoteSwiftPackageReference "SnapKit" */;
			productName = SnapKit;
		};
/* End XCSwiftPackageProductDependency section */
	};
	rootObject = AEE58F4E29ACE39200533109 /* Project object */;
}
